
Microsoft Visual Studio Solution File, Format Version 12.00
Project("{2150E333-8FDC-42A3-9474-1A3956D46DE8}") = "Session1", "Session1", "{DC4692CC-449E-42D3-B956-08136F7DD06A}"
EndProject
Project("{FAE04EC0-301F-11D3-BF4B-00C04F79EFBC}") = "S1_Ex3_Person", "Session1\S1_Ex3_Person\S1_Ex3_Person.csproj", "{ABDCF488-BE0D-4063-AC0C-3C53E9F73B1A}"
EndProject
Project("{FAE04EC0-301F-11D3-BF4B-00C04F79EFBC}") = "S1_Ex4_PrintNumbers", "Session1\S1_Ex4_PrintNumbers\S1_Ex4_PrintNumbers.csproj", "{369DC9EE-E190-4FAF-B203-AC0ACAC76222}"
EndProject
Project("{FAE04EC0-301F-11D3-BF4B-00C04F79EFBC}") = "S1_Ex5_Calculator", "Session1\S1_Ex5_Calculator\S1_Ex5_Calculator.csproj", "{1EEB648D-8348-4D8C-9AA1-F3664966BD6A}"
EndProject
Project("{FAE04EC0-301F-11D3-BF4B-00C04F79EFBC}") = "S1_Ex7_ABBA", "Session1\S1_Ex7_ABBA\S1_Ex7_ABBA.csproj", "{91D51CBF-0617-4DC0-AD8A-7C1FFFD5212C}"
EndProject
Project("{FAE04EC0-301F-11D3-BF4B-00C04F79EFBC}") = "S1_Ex8_SurroundWith", "Session1\S1_Ex8_SurroundWith\S1_Ex8_SurroundWith.csproj", "{0FF41A03-120F-441A-9C56-98EAABAF2B75}"
EndProject
Project("{FAE04EC0-301F-11D3-BF4B-00C04F79EFBC}") = "S1_Ex9_Substring", "Session1\S1_Ex9_Substring\S1_Ex9_Substring.csproj", "{C1930155-BF84-4A4B-8A83-488711521CB9}"
EndProject
Project("{FAE04EC0-301F-11D3-BF4B-00C04F79EFBC}") = "S1_Ex10_BiggestDiff", "Session1\S1_Ex10_BiggestDiff\S1_Ex10_BiggestDiff.csproj", "{FFB54E6F-E9B0-4D91-95BA-B5B2A87D8F33}"
EndProject
Project("{FAE04EC0-301F-11D3-BF4B-00C04F79EFBC}") = "S1_Ex11_ArrayClumps", "Session1\S1_Ex11_ArrayClumps\S1_Ex11_ArrayClumps.csproj", "{1DF9C429-E8F3-4218-9953-93B2C7CDEE6D}"
EndProject
Project("{2150E333-8FDC-42A3-9474-1A3956D46DE8}") = "Session2", "Session2", "{774E9690-AB2D-40B7-A821-BF1042303DBA}"
EndProject
Project("{FAE04EC0-301F-11D3-BF4B-00C04F79EFBC}") = "S2_Ex1_Polymorphism", "Session2\S2_Ex1_Polymorphism\S2_Ex1_Polymorphism.csproj", "{59B26CDF-0370-4FCC-851B-B85F878F8B15}"
EndProject
Project("{FAE04EC0-301F-11D3-BF4B-00C04F79EFBC}") = "S2_Ex2_TrafficLight", "Session2\S2_Ex2_TrafficLight\S2_Ex2_TrafficLight.csproj", "{E1E97360-EAB4-48D4-B6E4-435581101B2B}"
EndProject
Project("{FAE04EC0-301F-11D3-BF4B-00C04F79EFBC}") = "S2_Ex3_DoctorsWaitingRoom", "Session2\S2_Ex3_DoctorsWaitingRoom\S2_Ex3_DoctorsWaitingRoom.csproj", "{328D75FC-1DD9-4B5B-B6DF-F7DCCA5ED13C}"
EndProject
Project("{FAE04EC0-301F-11D3-BF4B-00C04F79EFBC}") = "S2_Ex4_CarAndPredicates", "Session2\S2_Ex4_CarAndPredicates\S2_Ex4_CarAndPredicates.csproj", "{9D5030C6-747A-4C9B-84C4-D52E9A519A67}"
EndProject
Global
	GlobalSection(SolutionConfigurationPlatforms) = preSolution
		Debug|Any CPU = Debug|Any CPU
		Release|Any CPU = Release|Any CPU
	EndGlobalSection
	GlobalSection(NestedProjects) = preSolution
		{ABDCF488-BE0D-4063-AC0C-3C53E9F73B1A} = {DC4692CC-449E-42D3-B956-08136F7DD06A}
		{369DC9EE-E190-4FAF-B203-AC0ACAC76222} = {DC4692CC-449E-42D3-B956-08136F7DD06A}
		{1EEB648D-8348-4D8C-9AA1-F3664966BD6A} = {DC4692CC-449E-42D3-B956-08136F7DD06A}
		{91D51CBF-0617-4DC0-AD8A-7C1FFFD5212C} = {DC4692CC-449E-42D3-B956-08136F7DD06A}
		{0FF41A03-120F-441A-9C56-98EAABAF2B75} = {DC4692CC-449E-42D3-B956-08136F7DD06A}
		{C1930155-BF84-4A4B-8A83-488711521CB9} = {DC4692CC-449E-42D3-B956-08136F7DD06A}
		{FFB54E6F-E9B0-4D91-95BA-B5B2A87D8F33} = {DC4692CC-449E-42D3-B956-08136F7DD06A}
		{1DF9C429-E8F3-4218-9953-93B2C7CDEE6D} = {DC4692CC-449E-42D3-B956-08136F7DD06A}
		{59B26CDF-0370-4FCC-851B-B85F878F8B15} = {774E9690-AB2D-40B7-A821-BF1042303DBA}
		{E1E97360-EAB4-48D4-B6E4-435581101B2B} = {774E9690-AB2D-40B7-A821-BF1042303DBA}
		{328D75FC-1DD9-4B5B-B6DF-F7DCCA5ED13C} = {774E9690-AB2D-40B7-A821-BF1042303DBA}
		{9D5030C6-747A-4C9B-84C4-D52E9A519A67} = {774E9690-AB2D-40B7-A821-BF1042303DBA}
	EndGlobalSection
	GlobalSection(ProjectConfigurationPlatforms) = postSolution
		{ABDCF488-BE0D-4063-AC0C-3C53E9F73B1A}.Debug|Any CPU.ActiveCfg = Debug|Any CPU
		{ABDCF488-BE0D-4063-AC0C-3C53E9F73B1A}.Debug|Any CPU.Build.0 = Debug|Any CPU
		{ABDCF488-BE0D-4063-AC0C-3C53E9F73B1A}.Release|Any CPU.ActiveCfg = Release|Any CPU
		{ABDCF488-BE0D-4063-AC0C-3C53E9F73B1A}.Release|Any CPU.Build.0 = Release|Any CPU
		{369DC9EE-E190-4FAF-B203-AC0ACAC76222}.Debug|Any CPU.ActiveCfg = Debug|Any CPU
		{369DC9EE-E190-4FAF-B203-AC0ACAC76222}.Debug|Any CPU.Build.0 = Debug|Any CPU
		{369DC9EE-E190-4FAF-B203-AC0ACAC76222}.Release|Any CPU.ActiveCfg = Release|Any CPU
		{369DC9EE-E190-4FAF-B203-AC0ACAC76222}.Release|Any CPU.Build.0 = Release|Any CPU
		{1EEB648D-8348-4D8C-9AA1-F3664966BD6A}.Debug|Any CPU.ActiveCfg = Debug|Any CPU
		{1EEB648D-8348-4D8C-9AA1-F3664966BD6A}.Debug|Any CPU.Build.0 = Debug|Any CPU
		{1EEB648D-8348-4D8C-9AA1-F3664966BD6A}.Release|Any CPU.ActiveCfg = Release|Any CPU
		{1EEB648D-8348-4D8C-9AA1-F3664966BD6A}.Release|Any CPU.Build.0 = Release|Any CPU
		{91D51CBF-0617-4DC0-AD8A-7C1FFFD5212C}.Debug|Any CPU.ActiveCfg = Debug|Any CPU
		{91D51CBF-0617-4DC0-AD8A-7C1FFFD5212C}.Debug|Any CPU.Build.0 = Debug|Any CPU
		{91D51CBF-0617-4DC0-AD8A-7C1FFFD5212C}.Release|Any CPU.ActiveCfg = Release|Any CPU
		{91D51CBF-0617-4DC0-AD8A-7C1FFFD5212C}.Release|Any CPU.Build.0 = Release|Any CPU
		{0FF41A03-120F-441A-9C56-98EAABAF2B75}.Debug|Any CPU.ActiveCfg = Debug|Any CPU
		{0FF41A03-120F-441A-9C56-98EAABAF2B75}.Debug|Any CPU.Build.0 = Debug|Any CPU
		{0FF41A03-120F-441A-9C56-98EAABAF2B75}.Release|Any CPU.ActiveCfg = Release|Any CPU
		{0FF41A03-120F-441A-9C56-98EAABAF2B75}.Release|Any CPU.Build.0 = Release|Any CPU
		{C1930155-BF84-4A4B-8A83-488711521CB9}.Debug|Any CPU.ActiveCfg = Debug|Any CPU
		{C1930155-BF84-4A4B-8A83-488711521CB9}.Debug|Any CPU.Build.0 = Debug|Any CPU
		{C1930155-BF84-4A4B-8A83-488711521CB9}.Release|Any CPU.ActiveCfg = Release|Any CPU
		{C1930155-BF84-4A4B-8A83-488711521CB9}.Release|Any CPU.Build.0 = Release|Any CPU
		{FFB54E6F-E9B0-4D91-95BA-B5B2A87D8F33}.Debug|Any CPU.ActiveCfg = Debug|Any CPU
		{FFB54E6F-E9B0-4D91-95BA-B5B2A87D8F33}.Debug|Any CPU.Build.0 = Debug|Any CPU
		{FFB54E6F-E9B0-4D91-95BA-B5B2A87D8F33}.Release|Any CPU.ActiveCfg = Release|Any CPU
		{FFB54E6F-E9B0-4D91-95BA-B5B2A87D8F33}.Release|Any CPU.Build.0 = Release|Any CPU
		{1DF9C429-E8F3-4218-9953-93B2C7CDEE6D}.Debug|Any CPU.ActiveCfg = Debug|Any CPU
		{1DF9C429-E8F3-4218-9953-93B2C7CDEE6D}.Debug|Any CPU.Build.0 = Debug|Any CPU
		{1DF9C429-E8F3-4218-9953-93B2C7CDEE6D}.Release|Any CPU.ActiveCfg = Release|Any CPU
		{1DF9C429-E8F3-4218-9953-93B2C7CDEE6D}.Release|Any CPU.Build.0 = Release|Any CPU
		{59B26CDF-0370-4FCC-851B-B85F878F8B15}.Debug|Any CPU.ActiveCfg = Debug|Any CPU
		{59B26CDF-0370-4FCC-851B-B85F878F8B15}.Debug|Any CPU.Build.0 = Debug|Any CPU
		{59B26CDF-0370-4FCC-851B-B85F878F8B15}.Release|Any CPU.ActiveCfg = Release|Any CPU
		{59B26CDF-0370-4FCC-851B-B85F878F8B15}.Release|Any CPU.Build.0 = Release|Any CPU
		{E1E97360-EAB4-48D4-B6E4-435581101B2B}.Debug|Any CPU.ActiveCfg = Debug|Any CPU
		{E1E97360-EAB4-48D4-B6E4-435581101B2B}.Debug|Any CPU.Build.0 = Debug|Any CPU
		{E1E97360-EAB4-48D4-B6E4-435581101B2B}.Release|Any CPU.ActiveCfg = Release|Any CPU
		{E1E97360-EAB4-48D4-B6E4-435581101B2B}.Release|Any CPU.Build.0 = Release|Any CPU
		{328D75FC-1DD9-4B5B-B6DF-F7DCCA5ED13C}.Debug|Any CPU.ActiveCfg = Debug|Any CPU
		{328D75FC-1DD9-4B5B-B6DF-F7DCCA5ED13C}.Debug|Any CPU.Build.0 = Debug|Any CPU
		{328D75FC-1DD9-4B5B-B6DF-F7DCCA5ED13C}.Release|Any CPU.ActiveCfg = Release|Any CPU
		{328D75FC-1DD9-4B5B-B6DF-F7DCCA5ED13C}.Release|Any CPU.Build.0 = Release|Any CPU
		{9D5030C6-747A-4C9B-84C4-D52E9A519A67}.Debug|Any CPU.ActiveCfg = Debug|Any CPU
		{9D5030C6-747A-4C9B-84C4-D52E9A519A67}.Debug|Any CPU.Build.0 = Debug|Any CPU
		{9D5030C6-747A-4C9B-84C4-D52E9A519A67}.Release|Any CPU.ActiveCfg = Release|Any CPU
		{9D5030C6-747A-4C9B-84C4-D52E9A519A67}.Release|Any CPU.Build.0 = Release|Any CPU
	EndGlobalSection
EndGlobal
